
Microsoft Visual Studio Solution File, Format Version 12.00
# Visual Studio 2012
Project("{FAE04EC0-301F-11D3-BF4B-00C04F79EFBC}") = "NeaKit", "NeaKit\NeaKit.csproj", "{A5EE407A-64BC-40B2-932D-C1CB11A8E21B}"
EndProject
Global
	GlobalSection(SolutionConfigurationPlatforms) = preSolution
		Debug|Any CPU = Debug|Any CPU
		Release|Any CPU = Release|Any CPU
	EndGlobalSection
	GlobalSection(ProjectConfigurationPlatforms) = postSolution
		{A5EE407A-64BC-40B2-932D-C1CB11A8E21B}.Debug|Any CPU.ActiveCfg = Debug|Any CPU
		{A5EE407A-64BC-40B2-932D-C1CB11A8E21B}.Debug|Any CPU.Build.0 = Debug|Any CPU
		{A5EE407A-64BC-40B2-932D-C1CB11A8E21B}.Release|Any CPU.ActiveCfg = Release|Any CPU
		{A5EE407A-64BC-40B2-932D-C1CB11A8E21B}.Release|Any CPU.Build.0 = Release|Any CPU
	EndGlobalSection
	GlobalSection(SolutionProperties) = preSolution
		HideSolutionNode = FALSE
	EndGlobalSection
EndGlobal
